
Microsoft Visual Studio Solution File, Format Version 12.00
# Visual Studio Version 17
VisualStudioVersion = 17.8.34511.84
MinimumVisualStudioVersion = 10.0.40219.1
Project("{FAE04EC0-301F-11D3-BF4B-00C04F79EFBC}") = "DEML20240906", "DEML20240906\DEML20240906.csproj", "{6ABFEB57-4B45-4860-B81E-B1560BCA089A}"
EndProject
Global
	GlobalSection(SolutionConfigurationPlatforms) = preSolution
		Debug|Any CPU = Debug|Any CPU
		Release|Any CPU = Release|Any CPU
	EndGlobalSection
	GlobalSection(ProjectConfigurationPlatforms) = postSolution
		{6ABFEB57-4B45-4860-B81E-B1560BCA089A}.Debug|Any CPU.ActiveCfg = Debug|Any CPU
		{6ABFEB57-4B45-4860-B81E-B1560BCA089A}.Debug|Any CPU.Build.0 = Debug|Any CPU
		{6ABFEB57-4B45-4860-B81E-B1560BCA089A}.Release|Any CPU.ActiveCfg = Release|Any CPU
		{6ABFEB57-4B45-4860-B81E-B1560BCA089A}.Release|Any CPU.Build.0 = Release|Any CPU
	EndGlobalSection
	GlobalSection(SolutionProperties) = preSolution
		HideSolutionNode = FALSE
	EndGlobalSection
	GlobalSection(ExtensibilityGlobals) = postSolution
		SolutionGuid = {E4C7BEBA-E73F-494C-85D5-BD6EFF3F5E54}
	EndGlobalSection
EndGlobal
